
Microsoft Visual Studio Solution File, Format Version 12.00
# Visual Studio 15
VisualStudioVersion = 15.0.28307.271
MinimumVisualStudioVersion = 10.0.40219.1
Project("{FAE04EC0-301F-11D3-BF4B-00C04F79EFBC}") = "Check-Mate-Challenge", "Check-Mate-Challenge\Check-Mate-Challenge\Check-Mate-Challenge.csproj", "{4E07234E-91B7-4DD2-9D5B-26266A5DDDC0}"
EndProject
Project("{FAE04EC0-301F-11D3-BF4B-00C04F79EFBC}") = "Check-Mate-Challenge.Android", "Check-Mate-Challenge\Check-Mate-Challenge.Android\Check-Mate-Challenge.Android.csproj", "{8DA1A650-09BC-4DE6-8A3E-2FD4DF029BB8}"
EndProject
Global
	GlobalSection(SolutionConfigurationPlatforms) = preSolution
		Debug|Any CPU = Debug|Any CPU
		Release|Any CPU = Release|Any CPU
	EndGlobalSection
	GlobalSection(ProjectConfigurationPlatforms) = postSolution
		{4E07234E-91B7-4DD2-9D5B-26266A5DDDC0}.Debug|Any CPU.ActiveCfg = Debug|Any CPU
		{4E07234E-91B7-4DD2-9D5B-26266A5DDDC0}.Debug|Any CPU.Build.0 = Debug|Any CPU
		{4E07234E-91B7-4DD2-9D5B-26266A5DDDC0}.Release|Any CPU.ActiveCfg = Release|Any CPU
		{4E07234E-91B7-4DD2-9D5B-26266A5DDDC0}.Release|Any CPU.Build.0 = Release|Any CPU
		{8DA1A650-09BC-4DE6-8A3E-2FD4DF029BB8}.Debug|Any CPU.ActiveCfg = Debug|Any CPU
		{8DA1A650-09BC-4DE6-8A3E-2FD4DF029BB8}.Debug|Any CPU.Build.0 = Debug|Any CPU
		{8DA1A650-09BC-4DE6-8A3E-2FD4DF029BB8}.Debug|Any CPU.Deploy.0 = Debug|Any CPU
		{8DA1A650-09BC-4DE6-8A3E-2FD4DF029BB8}.Release|Any CPU.ActiveCfg = Release|Any CPU
		{8DA1A650-09BC-4DE6-8A3E-2FD4DF029BB8}.Release|Any CPU.Build.0 = Release|Any CPU
		{8DA1A650-09BC-4DE6-8A3E-2FD4DF029BB8}.Release|Any CPU.Deploy.0 = Release|Any CPU
	EndGlobalSection
	GlobalSection(SolutionProperties) = preSolution
		HideSolutionNode = FALSE
	EndGlobalSection
	GlobalSection(ExtensibilityGlobals) = postSolution
		SolutionGuid = {05C68E7D-0CB8-41D1-95F3-222F45E57A02}
	EndGlobalSection
EndGlobal
